<Project xmlns="http://schemas.microsoft.com/developer/msbuild/2003">
    <PropertyGroup>
        <ProjectGuid>{E058518F-6BBA-4427-A8AB-BF3A9A6D004F}</ProjectGuid>
        <MainSource>DelphiSlim.dpr</MainSource>
        <ProjectVersion>18.4</ProjectVersion>
        <Base>True</Base>
        <Config Condition="'$(Config)'==''">Debug</Config>
        <AppType>Console</AppType>
        <FrameworkType>VCL</FrameworkType>
        <DCC_DCCCompiler>DCC32</DCC_DCCCompiler>
        <Platform Condition="'$(Platform)'==''">Win32</Platform>
        <TargetedPlatforms>1</TargetedPlatforms>
    </PropertyGroup>
    <PropertyGroup Condition="'$(Config)'=='Base' or '$(Base)'!=''">
        <Base>true</Base>
    </PropertyGroup>
    <PropertyGroup Condition="('$(Platform)'=='Win32' and '$(Base)'=='true') or '$(Base_Win32)'!=''">
        <Base_Win32>true</Base_Win32>
        <CfgParent>Base</CfgParent>
        <Base>true</Base>
    </PropertyGroup>
    <PropertyGroup Condition="'$(Config)'=='Debug' or '$(Cfg_1)'!=''">
        <Cfg_1>true</Cfg_1>
        <CfgParent>Base</CfgParent>
        <Base>true</Base>
    </PropertyGroup>
    <PropertyGroup Condition="('$(Platform)'=='Win32' and '$(Cfg_1)'=='true') or '$(Cfg_1_Win32)'!=''">
        <Cfg_1_Win32>true</Cfg_1_Win32>
        <CfgParent>Cfg_1</CfgParent>
        <Cfg_1>true</Cfg_1>
        <Base>true</Base>
    </PropertyGroup>
    <PropertyGroup Condition="'$(Config)'=='Release' or '$(Cfg_2)'!=''">
        <Cfg_2>true</Cfg_2>
        <CfgParent>Base</CfgParent>
        <Base>true</Base>
    </PropertyGroup>
    <PropertyGroup Condition="('$(Platform)'=='Win32' and '$(Cfg_2)'=='true') or '$(Cfg_2_Win32)'!=''">
        <Cfg_2_Win32>true</Cfg_2_Win32>
        <CfgParent>Cfg_2</CfgParent>
        <Cfg_2>true</Cfg_2>
        <Base>true</Base>
    </PropertyGroup>
    <PropertyGroup Condition="'$(Base)'!=''">
        <Icns_MainIcns>$(BDS)\bin\delphi_PROJECTICNS.icns</Icns_MainIcns>
        <Icon_MainIcon>$(BDS)\bin\delphi_PROJECTICON.ico</Icon_MainIcon>
        <DCC_UnitSearchPath>..\BPL\DCP;..\BPL\bin;..\BPL\$(Platform)\$(Config);$(DCC_UnitSearchPath)</DCC_UnitSearchPath>
        <SanitizedProjectName>DelphiSlim</SanitizedProjectName>
        <VerInfo_Keys>CompanyName=;FileDescription=;FileVersion=1.0.0.0;InternalName=;LegalCopyright=;LegalTrademarks=;OriginalFilename=;ProductName=;ProductVersion=1.0.0.0;Comments=</VerInfo_Keys>
        <Manifest_File>None</Manifest_File>
        <VerInfo_Locale>1036</VerInfo_Locale>
        <DCC_Namespace>System;Xml;Data;Datasnap;Web;Soap;Winapi;Vcl;Vcl.Imaging;Vcl.Touch;Vcl.Samples;Vcl.Shell;$(DCC_Namespace)</DCC_Namespace>
        <DCC_UsePackage>IndyCore;IndySystem;IndyProtocols;$(DCC_UsePackage)</DCC_UsePackage>
        <UsePackages>true</UsePackages>
        <DCC_ImageBase>00400000</DCC_ImageBase>
        <DCC_DcuOutput>.\$(Config)\$(Platform)</DCC_DcuOutput>
        <DCC_ExeOutput>..\bin\</DCC_ExeOutput>
        <DCC_E>false</DCC_E>
        <DCC_N>false</DCC_N>
        <DCC_S>false</DCC_S>
        <DCC_F>false</DCC_F>
        <DCC_K>false</DCC_K>
    </PropertyGroup>
    <PropertyGroup Condition="'$(Base_Win32)'!=''">
        <VerInfo_Locale>1033</VerInfo_Locale>
        <Debugger_RunParams>90</Debugger_RunParams>
        <DCC_Namespace>System.Win;Data.Win;Datasnap.Win;Web.Win;Soap.Win;Xml.Win;Bde;$(DCC_Namespace)</DCC_Namespace>
    </PropertyGroup>
    <PropertyGroup Condition="'$(Cfg_1)'!=''">
        <DCC_DebugInfoInExe>true</DCC_DebugInfoInExe>
        <DCC_Define>DEBUG;$(DCC_Define)</DCC_Define>
        <DCC_Optimize>false</DCC_Optimize>
        <DCC_GenerateStackFrames>true</DCC_GenerateStackFrames>
    </PropertyGroup>
    <PropertyGroup Condition="'$(Cfg_1_Win32)'!=''">
        <DCC_DebugDCUs>true</DCC_DebugDCUs>
        <Debugger_CWD>$(Desarrollo)\FitNesse</Debugger_CWD>
        <DCC_RemoteDebug>true</DCC_RemoteDebug>
        <DCC_MapFile>3</DCC_MapFile>
        <BRCC_IncludePath>C:\Desarrollo\Librerias\Generales;C:\Desarrollo\Librerias;$(BRCC_IncludePath)</BRCC_IncludePath>
        <DCC_DebugInfoInExe>true</DCC_DebugInfoInExe>
        <DCC_DebugInfoInTds>true</DCC_DebugInfoInTds>
        <Debugger_RunParams>a 8086</Debugger_RunParams>
        <VerInfo_Locale>1033</VerInfo_Locale>
    </PropertyGroup>
    <PropertyGroup Condition="'$(Cfg_2)'!=''">
        <DCC_LocalDebugSymbols>false</DCC_LocalDebugSymbols>
        <DCC_Define>RELEASE;$(DCC_Define)</DCC_Define>
        <DCC_SymbolReferenceInfo>0</DCC_SymbolReferenceInfo>
        <DCC_DebugInformation>0</DCC_DebugInformation>
    </PropertyGroup>
    <PropertyGroup Condition="'$(Cfg_2_Win32)'!=''">
        <VerInfo_Locale>1033</VerInfo_Locale>
    </PropertyGroup>
    <ItemGroup>
        <DelphiCompile Include="$(MainSource)">
            <MainSource>MainSource</MainSource>
        </DelphiCompile>
        <DCCReference Include="SlimServer.pas"/>
        <DCCReference Include="InputProcessor.pas"/>
        <DCCReference Include="SlimDirectiveDeserializer.pas"/>
        <DCCReference Include="SlimDirective.pas"/>
        <DCCReference Include="InstructionParser.pas"/>
        <DCCReference Include="Instruction.pas"/>
        <DCCReference Include="InstructionExecutor.pas"/>
        <DCCReference Include="SlimDirectiveSerializer.pas"/>
        <DCCReference Include="Slim.Logger.pas"/>
        <DCCReference Include="SlimContext.pas"/>
        <DCCReference Include="SlimMethod.pas"/>
        <DCCReference Include="Configuration.pas"/>
        <None Include="ModelSupport_DelphiSlim\default.txaPackage"/>
        <None Include="ModelSupport_DelphiSlim\default.txvpck"/>
        <None Include="ModelSupport_DelphiSlim\DelphiSlim\default.txvpck"/>
        <None Include="ModelSupport_DelphiSlim\InputProcessor\default.txvpck"/>
        <None Include="ModelSupport_DelphiSlim\Instruction\default.txvpck"/>
        <None Include="ModelSupport_DelphiSlim\InstructionExecutor\default.txvpck"/>
        <None Include="ModelSupport_DelphiSlim\DelphiSlim\default.txaPackage"/>
        <None Include="ModelSupport_DelphiSlim\InputProcessor\default.txaPackage"/>
        <None Include="ModelSupport_DelphiSlim\Instruction\default.txaPackage"/>
        <None Include="ModelSupport_DelphiSlim\InstructionExecutor\default.txaPackage"/>
        <None Include="ModelSupport_DelphiSlim\InstructionParser\default.txvpck"/>
        <None Include="ModelSupport_DelphiSlim\InstructionParser\default.txaPackage"/>
        <None Include="ModelSupport_DelphiSlim\Logger\default.txvpck"/>
        <None Include="ModelSupport_DelphiSlim\Logger\default.txaPackage"/>
        <None Include="ModelSupport_DelphiSlim\SlimContext\default.txvpck"/>
        <None Include="ModelSupport_DelphiSlim\SlimContext\default.txaPackage"/>
        <None Include="ModelSupport_DelphiSlim\SlimDirective\default.txvpck"/>
        <None Include="ModelSupport_DelphiSlim\SlimDirective\default.txaPackage"/>
        <None Include="ModelSupport_DelphiSlim\SlimDirectiveDeserializer\default.txvpck"/>
        <None Include="ModelSupport_DelphiSlim\SlimDirectiveDeserializer\default.txaPackage"/>
        <None Include="ModelSupport_DelphiSlim\SlimDirectiveSerializer\default.txvpck"/>
        <None Include="ModelSupport_DelphiSlim\SlimDirectiveSerializer\default.txaPackage"/>
        <None Include="ModelSupport_DelphiSlim\SlimMethod\default.txvpck"/>
        <None Include="ModelSupport_DelphiSlim\SlimMethod\default.txaPackage"/>
        <None Include="ModelSupport_DelphiSlim\SlimServer\default.txvpck"/>
        <None Include="ModelSupport_DelphiSlim\SlimServer\default.txaPackage"/>
        <None Include="ModelSupport_DelphiSlim\InputProcessor\TInputProcessor.Process.txvint"/>
        <BuildConfiguration Include="Release">
            <Key>Cfg_2</Key>
            <CfgParent>Base</CfgParent>
        </BuildConfiguration>
        <BuildConfiguration Include="Base">
            <Key>Base</Key>
        </BuildConfiguration>
        <BuildConfiguration Include="Debug">
            <Key>Cfg_1</Key>
            <CfgParent>Base</CfgParent>
        </BuildConfiguration>
    </ItemGroup>
    <Import Condition="Exists('$(BDS)\Bin\CodeGear.Delphi.Targets')" Project="$(BDS)\Bin\CodeGear.Delphi.Targets"/>
    <Import Condition="Exists('$(APPDATA)\Embarcadero\$(BDSAPPDATABASEDIR)\$(PRODUCTVERSION)\UserTools.proj')" Project="$(APPDATA)\Embarcadero\$(BDSAPPDATABASEDIR)\$(PRODUCTVERSION)\UserTools.proj"/>
    <ProjectExtensions>
        <Borland.Personality>Delphi.Personality.12</Borland.Personality>
        <Borland.ProjectType/>
        <BorlandProject>
            <Delphi.Personality>
                <VersionInfo>
                    <VersionInfo Name="IncludeVerInfo">False</VersionInfo>
                    <VersionInfo Name="AutoIncBuild">False</VersionInfo>
                    <VersionInfo Name="MajorVer">1</VersionInfo>
                    <VersionInfo Name="MinorVer">0</VersionInfo>
                    <VersionInfo Name="Release">0</VersionInfo>
                    <VersionInfo Name="Build">0</VersionInfo>
                    <VersionInfo Name="Debug">False</VersionInfo>
                    <VersionInfo Name="PreRelease">False</VersionInfo>
                    <VersionInfo Name="Special">False</VersionInfo>
                    <VersionInfo Name="Private">False</VersionInfo>
                    <VersionInfo Name="DLL">False</VersionInfo>
                    <VersionInfo Name="Locale">1036</VersionInfo>
                    <VersionInfo Name="CodePage">1252</VersionInfo>
                </VersionInfo>
                <VersionInfoKeys>
                    <VersionInfoKeys Name="CompanyName"/>
                    <VersionInfoKeys Name="FileDescription"/>
                    <VersionInfoKeys Name="FileVersion">1.0.0.0</VersionInfoKeys>
                    <VersionInfoKeys Name="InternalName"/>
                    <VersionInfoKeys Name="LegalCopyright"/>
                    <VersionInfoKeys Name="LegalTrademarks"/>
                    <VersionInfoKeys Name="OriginalFilename"/>
                    <VersionInfoKeys Name="ProductName"/>
                    <VersionInfoKeys Name="ProductVersion">1.0.0.0</VersionInfoKeys>
                    <VersionInfoKeys Name="Comments"/>
                </VersionInfoKeys>
                <Source>
                    <Source Name="MainSource">DelphiSlim.dpr</Source>
                </Source>
                <Parameters>
                    <Parameters Name="RunParams">90</Parameters>
                </Parameters>
                <Excluded_Packages>
                    <Excluded_Packages Name="$(BDSBIN)\dcloffice2k230.bpl">Microsoft Office 2000 Sample Automation Server Wrapper Components</Excluded_Packages>
                    <Excluded_Packages Name="$(BDSBIN)\dclofficexp230.bpl">Microsoft Office XP Sample Automation Server Wrapper Components</Excluded_Packages>
                </Excluded_Packages>
            </Delphi.Personality>
            <Platforms>
                <Platform value="Win32">True</Platform>
                <Platform value="Win64">False</Platform>
            </Platforms>
            <UnitTesting>
                <TestProjectName>C:\Users\fbezagu\Documents\RAD Studio\Projets\DelphiSlim\Test\DelphiSlimTests.dproj</TestProjectName>
            </UnitTesting>
            <ModelSupport>True</ModelSupport>
        </BorlandProject>
        <ProjectFileVersion>12</ProjectFileVersion>
    </ProjectExtensions>
</Project>
